lockfileVersion: '9.0'

settings:
  autoInstallPeers: true
  excludeLinksFromLockfile: false

importers:

  .:
    devDependencies:
      '@fontsource-variable/inter':
        specifier: ^5.2.8
        version: 5.2.8
      '@internationalized/date':
        specifier: ^3.12.2
        version: 3.12.2
      '@lucide/svelte':
        specifier: ^1.21.0
        version: 1.21.0(svelte@5.56.3)
      '@sveltejs/adapter-static':
        specifier: latest
        version: 3.0.10(@sveltejs/kit@2.65.1(@sveltejs/vite-plugin-svelte@7.1.2(svelte@5.56.3)(vite@8.0.16(jiti@2.7.0)))(svelte@5.56.3)(typescript@6.0.3)(vite@8.0.16(jiti@2.7.0)))
      '@sveltejs/kit':
        specifier: latest
        version: 2.65.1(@sveltejs/vite-plugin-svelte@7.1.2(svelte@5.56.3)(vite@8.0.16(jiti@2.7.0)))(svelte@5.56.3)(typescript@6.0.3)(vite@8.0.16(jiti@2.7.0))
      '@sveltejs/vite-plugin-svelte':
        specifier: ^7.1.2
        version: 7.1.2(svelte@5.56.3)(vite@8.0.16(jiti@2.7.0))
      '@tailwindcss/vite':
        specifier: ^4.3.0
        version: 4.3.1(vite@8.0.16(jiti@2.7.0))
      '@typescript/lib-dom':
        specifier: npm:@types/web-bluetooth@^0.0.21
        version: '@types/web-bluetooth@0.0.21'
      bits-ui:
        specifier: ^2.18.1
        version: 2.18.1(@internationalized/date@3.12.2)(@sveltejs/kit@2.65.1(@sveltejs/vite-plugin-svelte@7.1.2(svelte@5.56.3)(vite@8.0.16(jiti@2.7.0)))(svelte@5.56.3)(typescript@6.0.3)(vite@8.0.16(jiti@2.7.0)))(svelte@5.56.3)
      clsx:
        specifier: ^2.1.1
        version: 2.1.1
      shadcn-svelte:
        specifier: ^1.3.0
        version: 1.3.0(svelte@5.56.3)
      svelte:
        specifier: ^5.56.1
        version: 5.56.3
      svelte-check:
        specifier: ^4.6.0
        version: 4.6.0(picomatch@4.0.4)(svelte@5.56.3)(typescript@6.0.3)
      tailwind-merge:
        specifier: ^3.6.0
        version: 3.6.0
      tailwind-variants:
        specifier: ^3.2.2
        version: 3.2.2(tailwind-merge@3.6.0)(tailwindcss@4.3.1)
      tailwindcss:
        specifier: ^4.3.0
        version: 4.3.1
      tw-animate-css:
        specifier: ^1.4.0
        version: 1.4.0
      typescript:
        specifier: ^6.0.3
        version: 6.0.3
      vite:
        specifier: ^8.0.16
        version: 8.0.16(jiti@2.7.0)

packages:

  '@emnapi/core@1.10.0':
    resolution: {integrity: sha512-yq6OkJ4p82CAfPl0u9mQebQHKPJkY7WrIuk205cTYnYe+k2Z8YBh11FrbRG/H6ihirqcacOgl2BIO8oyMQLeXw==}

  '@emnapi/runtime@1.10.0':
    resolution: {integrity: sha512-ewvYlk86xUoGI0zQRNq/mC+16R1QeDlKQy21Ki3oSYXNgLb45GV1P6A0M+/s6nyCuNDqe5VpaY84BzXGwVbwFA==}

  '@emnapi/wasi-threads@1.2.1':
    resolution: {integrity: sha512-uTII7OYF+/Mes/MrcIOYp5yOtSMLBWSIoLPpcgwipoiKbli6k322tcoFsxoIIxPDqW01SQGAgko4EzZi2BNv2w==}

  '@floating-ui/core@1.7.5':
    resolution: {integrity: sha512-1Ih4WTWyw0+lKyFMcBHGbb5U5FtuHJuujoyyr5zTaWS5EYMeT6Jb2AuDeftsCsEuchO+mM2ij5+q9crhydzLhQ==}

  '@floating-ui/dom@1.7.6':
    resolution: {integrity: sha512-9gZSAI5XM36880PPMm//9dfiEngYoC6Am2izES1FF406YFsjvyBMmeJ2g4SAju3xWwtuynNRFL2s9hgxpLI5SQ==}

  '@floating-ui/utils@0.2.11':
    resolution: {integrity: sha512-RiB/yIh78pcIxl6lLMG0CgBXAZ2Y0eVHqMPYugu+9U0AeT6YBeiJpf7lbdJNIugFP5SIjwNRgo4DhR1Qxi26Gg==}

  '@fontsource-variable/inter@5.2.8':
    resolution: {integrity: sha512-kOfP2D+ykbcX/P3IFnokOhVRNoTozo5/JxhAIVYLpea/UBmCQ/YWPBfWIDuBImXX/15KH+eKh4xpEUyS2sQQGQ==}

  '@internationalized/date@3.12.2':
    resolution: {integrity: sha512-FY1Y+H64NDs+HAF6omlnWxm3mEpfgaCSWtL5l551ZZfImA+kGjPFgrnJrGjH6lfmLL0g8Z/mBu1R3kufeCp6Jw==}

  '@jridgewell/gen-mapping@0.3.13':
    resolution: {integrity: sha512-2kkt/7niJ6MgEPxF0bYdQ6etZaA+fQvDcLKckhy1yIQOzaoKjBBjSj63/aLVjYE3qhRt5dvM+uUyfCg6UKCBbA==}

  '@jridgewell/remapping@2.3.5':
    resolution: {integrity: sha512-LI9u/+laYG4Ds1TDKSJW2YPrIlcVYOwi2fUC6xB43lueCjgxV4lffOCZCtYFiH6TNOX+tQKXx97T4IKHbhyHEQ==}

  '@jridgewell/resolve-uri@3.1.2':
    resolution: {integrity: sha512-bRISgCIjP20/tbWSPWMEi54QVPRZExkuD9lJL+UIxUKtwVJA8wW1Trb1jMs1RFXo1CBTNZ/5hpC9QvmKWdopKw==}
    engines: {node: '>=6.0.0'}

  '@jridgewell/sourcemap-codec@1.5.5':
    resolution: {integrity: sha512-cYQ9310grqxueWbl+WuIUIaiUaDcj7WOq5fVhEljNVgRfOUhY9fy2zTvfoqWsnebh8Sl70VScFbICvJnLKB0Og==}

  '@jridgewell/trace-mapping@0.3.31':
    resolution: {integrity: sha512-zzNR+SdQSDJzc8joaeP8QQoCQr8NuYx2dIIytl1QeBEZHJ9uW6hebsrYgbz8hJwUQao3TWCMtmfV8Nu1twOLAw==}

  '@lucide/svelte@1.21.0':
    resolution: {integrity: sha512-MEv//A7Jv3kHukZowv/DWp1MAtUzJKYwtJsmnQ7X98lCgtac3z3NbaToDl3Q6jO3gS9sougFpcD+t+YuxOkRMw==}
    peerDependencies:
      svelte: ^5

  '@napi-rs/wasm-runtime@1.1.5':
    resolution: {integrity: sha512-AWPoBRJ9tsnVhor4sjO7rkni+7p+2IAEFj6cx06UgP10jkQHqay/36uRV/bFkgrh18D9vb4cr8Q0Pthskgzy+Q==}
    peerDependencies:
      '@emnapi/core': ^1.7.1
      '@emnapi/runtime': ^1.7.1

  '@oxc-project/types@0.133.0':
    resolution: {integrity: sha512-KzkdCd6Uxqnf6l3HOw1xfatAlUURA0g14cvBYFyJ5SaNOQbOUvBr9PKArcPcrNIeRsBdgcUzOGrhKveVpvOIGA==}

  '@polka/url@1.0.0-next.29':
    resolution: {integrity: sha512-wwQAWhWSuHaag8c4q/KN/vCoeOJYshAIvMQwD4GpSb3OiZklFfvAgmj0VCBBImRpuF/aFgIRzllXlVX93Jevww==}

  '@rolldown/binding-android-arm64@1.0.3':
    resolution: {integrity: sha512-454rs7jHngixp/NMxd5srYD57OnzSlZ/eFTETjORQHLwJG1lRtmNOJcBerZlfu4GjKqeq8aCCIQrMdHyhI51Hw==}
    engines: {node: ^20.19.0 || >=22.12.0}
    cpu: [arm64]
    os: [android]

  '@rolldown/binding-darwin-arm64@1.0.3':
    resolution: {integrity: sha512-PcAhP+ynjURNyy8SKGl5DQP94aGuB/7JrXJb/t7P+hanXvQVMWzUvRRhBAcg/lNRadBhoUPqSoP4xw5tR/KBEA==}
    engines: {node: ^20.19.0 || >=22.12.0}
    cpu: [arm64]
    os: [darwin]

  '@rolldown/binding-darwin-x64@1.0.3':
    resolution: {integrity: sha512-9YpfeUvSE2RS7wysJ81uOZkXJz7f7Q55H2Gvp3VEw/EsahqDtrphrZ0EwDLK5vvKOzaCrBsjF8JmnMLcUt78Gg==}
    engines: {node: ^20.19.0 || >=22.12.0}
    cpu: [x64]
    os: [darwin]

  '@rolldown/binding-freebsd-x64@1.0.3':
    resolution: {integrity: sha512-yB1IlAsSNHncV6SCTL27/MVGR5htvQsoGxIv5KMGXALp+Ll1wYsn+x98M9MW7qa+NdSbvrrY7ANI4wLJ0n1e6g==}
    engines: {node: ^20.19.0 || >=22.12.0}
    cpu: [x64]
    os: [freebsd]

  '@rolldown/binding-linux-arm-gnueabihf@1.0.3':
    resolution: {integrity: sha512-Yi30IVAAfLUCy2MseFjbB1jAMDl1VMCAas5StnYp8da9+CKvMd2H2cbEjWcw5NPaPqzvYkVIaF1nNUG+b7u/sw==}
    engines: {node: ^20.19.0 || >=22.12.0}
    cpu: [arm]
    os: [linux]

  '@rolldown/binding-linux-arm64-gnu@1.0.3':
    resolution: {integrity: sha512-jsO7R8To+AdlYgUmN5sHSCZbfhtMBkO0WUx8iORQnPcMMdgr7qM2DQmMwgabs3GhNztdmoKkMKQFHD6DTMCIQw==}
    engines: {node: ^20.19.0 || >=22.12.0}
    cpu: [arm64]
    os: [linux]

  '@rolldown/binding-linux-arm64-musl@1.0.3':
    resolution: {integrity: sha512-VWkUHwWriDciit80wleYwKILoR/KMvxh/IdwS/paX+ZgpuRpCrKLUdadJbc0NpBEiyhpYawsJ73j9aCvOH+f7Q==}
    engines: {node: ^20.19.0 || >=22.12.0}
    cpu: [arm64]
    os: [linux]

  '@rolldown/binding-linux-ppc64-gnu@1.0.3':
    resolution: {integrity: sha512-5f1laC0SlIR0yDbFCd8acUhvJIag6N3zC5P7oUPN6wX0aOma+uKJ0wBDH5aq7I1PVI2ttTlhJwzwRIBnLiSGEg==}
    engines: {node: ^20.19.0 || >=22.12.0}
    cpu: [ppc64]
    os: [linux]

  '@rolldown/binding-linux-s390x-gnu@1.0.3':
    resolution: {integrity: sha512-Iq4ko0r4XsgbrF/LunNgHtAGLRRVE2kXonAXQ/MV0mC6jQpMOhW1SvtZja2EhC/kd05++bP78dsqBeIQyYJ6Yg==}
    engines: {node: ^20.19.0 || >=22.12.0}
    cpu: [s390x]
    os: [linux]

  '@rolldown/binding-linux-x64-gnu@1.0.3':
    resolution: {integrity: sha512-B8m6tD5+/N5FeNQFbKlLA/2yVq9ycQP1SeedyEYYKWBNR3ZQbkvIUcNnDNM03lO1l5F2roiiFJGgvoLLyZXtSg==}
    engines: {node: ^20.19.0 || >=22.12.0}
    cpu: [x64]
    os: [linux]

  '@rolldown/binding-linux-x64-musl@1.0.3':
    resolution: {integrity: sha512-pSdpdUJHkuCxun9LE7jvgUB9qsRgaiyNNCX7m/AvHTcq67AiT/Yhoxvw5zPfhrM8k/BfP8ce/hMOpthKDpEUow==}
    engines: {node: ^20.19.0 || >=22.12.0}
    cpu: [x64]
    os: [linux]

  '@rolldown/binding-openharmony-arm64@1.0.3':
    resolution: {integrity: sha512-OXXS3RKJgX2uLwM+gYyuH5omcH8fL1LJs96pZGgtetVCahON57+d4SJHzTgZiOjxgGkSnpXpOsWuPDGAKAigEg==}
    engines: {node: ^20.19.0 || >=22.12.0}
    cpu: [arm64]
    os: [openharmony]

  '@rolldown/binding-wasm32-wasi@1.0.3':
    resolution: {integrity: sha512-JTtb8BWFynicNSoPrehsCzBtOKjZ6jhMiPFEmOiuXg1Fl8dn2KHQob+GuPSGR0dryQa1PQJbzjF3dqO/whhjLg==}
    engines: {node: ^20.19.0 || >=22.12.0}
    cpu: [wasm32]

  '@rolldown/binding-win32-arm64-msvc@1.0.3':
    resolution: {integrity: sha512-gEdFFEN70A/jxb2svrWsN3aDL7OUtmvlOy+6fa2jxG8K0wQ1ZbdeLGnidov6Yu5/733dI5ySfzFlQ/cb0bSz1g==}
    engines: {node: ^20.19.0 || >=22.12.0}
    cpu: [arm64]
    os: [win32]

  '@rolldown/binding-win32-x64-msvc@1.0.3':
    resolution: {integrity: sha512-eXB7CHuaQdqmJcc3koCNtNPmT/bj2gc999kUFgBxG8Ac0NdgXc4rkCHhqrgrhN3zddvvvrgzj1e90SuSfmyIXA==}
    engines: {node: ^20.19.0 || >=22.12.0}
    cpu: [x64]
    os: [win32]

  '@rolldown/pluginutils@1.0.1':
    resolution: {integrity: sha512-2j9bGt5Jh8hj+vPtgzPtl72j0yRxHAyumoo6TNfAjsLB04UtpSvPbPcDcBMxz7n+9CYB0c1GxQFxYRg2jimqGw==}

  '@standard-schema/spec@1.1.0':
    resolution: {integrity: sha512-l2aFy5jALhniG5HgqrD6jXLi/rUWrKvqN/qJx6yoJsgKhblVd+iqqU4RCXavm/jPityDo5TCvKMnpjKnOriy0w==}

  '@sveltejs/acorn-typescript@1.0.10':
    resolution: {integrity: sha512-4WfKk68eTih+MiJD4fSbxN7E8kVBmTMPWHUPYjvl2N0rMs53YLTT8/YjKU5Dtnz5LqDjl7LEw4U7lXR2W3J5WA==}
    peerDependencies:
      acorn: ^8.9.0

  '@sveltejs/adapter-static@3.0.10':
    resolution: {integrity: sha512-7D9lYFWJmB7zxZyTE/qxjksvMqzMuYrrsyh1f4AlZqeZeACPRySjbC3aFiY55wb1tWUaKOQG9PVbm74JcN2Iew==}
    peerDependencies:
      '@sveltejs/kit': ^2.0.0

  '@sveltejs/kit@2.65.1':
    resolution: {integrity: sha512-Sa1rFYYqBB+zv3rIxAg/CsFskR/x4aj5BY/hvLxBd9r/mqbipxM945As1K3PqsDicJAyekPR0BlWoVIiw2OHYg==}
    engines: {node: '>=18.13'}
    hasBin: true
    peerDependencies:
      '@opentelemetry/api': ^1.0.0
      '@sveltejs/vite-plugin-svelte': ^3.0.0 || ^4.0.0-next.1 || ^5.0.0 || ^6.0.0-next.0 || ^7.0.0
      svelte: ^4.0.0 || ^5.0.0-next.0
      typescript: ^5.3.3 || ^6.0.0
      vite: ^5.0.3 || ^6.0.0 || ^7.0.0-beta.0 || ^8.0.0
    peerDependenciesMeta:
      '@opentelemetry/api':
        optional: true
      typescript:
        optional: true

  '@sveltejs/load-config@0.1.1':
    resolution: {integrity: sha512-BXXm+VOH/9X4N7Dd1iZ2MqA1h7M+9i2noI8QYuLDY8QcN2WHYn7D/VK/+IJNfcAmRw7ACNJ538UT9GXIhnBTiA==}
    engines: {node: '>= 18.0.0'}

  '@sveltejs/vite-plugin-svelte@7.1.2':
    resolution: {integrity: sha512-DrUBA2UXRfDmUX/ZTiEopd3X40yavsJF1FX2RygcuIScHL7o5YX1fMvoYnDhjeJQC4weCOklirpNWlcb2NiSeA==}
    engines: {node: ^20.19 || ^22.12 || >=24}
    peerDependencies:
      svelte: ^5.46.4
      vite: ^8.0.0-beta.7 || ^8.0.0

  '@swc/helpers@0.5.23':
    resolution: {integrity: sha512-5lSsMOTXURePglDfvuAQUqkGek9Hg2kksOYay2m0+XR++b2NWYL/4sWyuvVBIs8oKnJaxkdi9whaL/sqN13afw==}

  '@tailwindcss/node@4.3.1':
    resolution: {integrity: sha512-6NDaqRoAMSXD1mr/RXu0HBvNE9a2n5tHPsxu9XHLws8o4Twes5rBM2205SUUiJ9goAtadrN6xTGX0UDEwp/N4A==}

  '@tailwindcss/oxide-android-arm64@4.3.1':
    resolution: {integrity: sha512-SVlyf61g374l5cHyg8x9kf5xmLcOaxvOTsbsqDnSsDJaKOEFZ7GCvi84VAVGpxojYOs1+3K6M0UjXfqPU8vmOQ==}
    engines: {node: '>= 20'}
    cpu: [arm64]
    os: [android]

  '@tailwindcss/oxide-darwin-arm64@4.3.1':
    resolution: {integrity: sha512-hVnWLwv+e/l7c4WKyVtHVrIPvYdqWHjRB3MDIqARynzFtnQg85kmQEFCbV9Ja0VVx4xXTIiDWY60Y7iz/iNoDA==}
    engines: {node: '>= 20'}
    cpu: [arm64]
    os: [darwin]

  '@tailwindcss/oxide-darwin-x64@4.3.1':
    resolution: {integrity: sha512-Cf7abu0WVgbhU7ANgPUnSAvm7nCvMweusHb8FnaHlLfv/Caq4GYaEZg7ZImzzmjx4lIAfuS8q+eLIS7A7IzxIg==}
    engines: {node: '>= 20'}
    cpu: [x64]
    os: [darwin]

  '@tailwindcss/oxide-freebsd-x64@4.3.1':
    resolution: {integrity: sha512-ZZqzX2Y+GXtXXfqSfpJhDm60OoZfvLHLCgm+J7NVqgHHJjG/m9ugZI77RwTsVd4fnBJuCFP6Ae6kTJb71UdS8g==}
    engines: {node: '>= 20'}
    cpu: [x64]
    os: [freebsd]

  '@tailwindcss/oxide-linux-arm-gnueabihf@4.3.1':
    resolution: {integrity: sha512-/Ah/xik0LaMYfv9DZ0S/t4pBlBNYOcqtRwusjgovHkvT8ixueWCLyJjsaF5kQIckjb4IT8Q6K6p/iPmZMixYgg==}
    engines: {node: '>= 20'}
    cpu: [arm]
    os: [linux]

  '@tailwindcss/oxide-linux-arm64-gnu@4.3.1':
    resolution: {integrity: sha512-gqdFoVJlw444GvpnheZLHmvTzSxI/cOUUh2KSNejQjTcYkW062SVD+En0rUgD+QV91bz1XGIGtt1HJd48xUGbQ==}
    engines: {node: '>= 20'}
    cpu: [arm64]
    os: [linux]

  '@tailwindcss/oxide-linux-arm64-musl@4.3.1':
    resolution: {integrity: sha512-Bwv9KwOvE0VKa86xPFif9b9c3Y1NxOV1P0gLti/IYaWEsQYZXDlxfGEtA8mdDZ7SG3wyNXAWYT5SIn3giL57oA==}
    engines: {node: '>= 20'}
    cpu: [arm64]
    os: [linux]

  '@tailwindcss/oxide-linux-x64-gnu@4.3.1':
    resolution: {integrity: sha512-Ymi8O8T15HYQdOUWUtTI6ldN0neHP85FC+Qz32xTcZ7iJXtem/x8ITev0o1e9e5rkqj4lONZfTRLvkmin1+tKg==}
    engines: {node: '>= 20'}
    cpu: [x64]
    os: [linux]

  '@tailwindcss/oxide-linux-x64-musl@4.3.1':
    resolution: {integrity: sha512-M+P/91qJ6uILLw4k2G93GMDRAXj61SMvFQYt39AqvUqYgExXpLL5aepfns7sj4HiAQeolirQF9E0lzRvdf4zPQ==}
    engines: {node: '>= 20'}
    cpu: [x64]
    os: [linux]

  '@tailwindcss/oxide-wasm32-wasi@4.3.1':
    resolution: {integrity: sha512-zsM8uOeqvVGHsAXsJxsT28ttosFahLJKCLOTUBqRAtKnVgGSRitds9T432QiT8b77Yga7JIBkulIRRlJPtYhRA==}
    engines: {node: '>=14.0.0'}
    cpu: [wasm32]
    bundledDependencies:
      - '@napi-rs/wasm-runtime'
      - '@emnapi/core'
      - '@emnapi/runtime'
      - '@tybys/wasm-util'
      - '@emnapi/wasi-threads'
      - tslib

  '@tailwindcss/oxide-win32-arm64-msvc@4.3.1':
    resolution: {integrity: sha512-aiNvSq9BsVk8V513lDKlrCFAgf8qBMPZTpgEhInL+NwQqs97mYmupVMrPrgBBSL8Pv/0zXu9MrMF9rMun1ZeNg==}
    engines: {node: '>= 20'}
    cpu: [arm64]
    os: [win32]

  '@tailwindcss/oxide-win32-x64-msvc@4.3.1':
    resolution: {integrity: sha512-xDEyu1rg290472FEGaKHnzyDyh5QH+AlWvsU5hMoMtPpzmKlRI0jaYKCgSHDYtaQWZOYbMaduSyCwFwY4n1HmA==}
    engines: {node: '>= 20'}
    cpu: [x64]
    os: [win32]

  '@tailwindcss/oxide@4.3.1':
    resolution: {integrity: sha512-yVPyo8RNkabVr3O2EhHEE0Rewu7YKzc1DhIqfL46LKveFrmu9XbDazNOJY7/GRuvw1h6u3utWnR29H/p5JPlgA==}
    engines: {node: '>= 20'}

  '@tailwindcss/vite@4.3.1':
    resolution: {integrity: sha512-hItDHuIIlEV61R+faXu66s1K36aTurO/Qw0e45Vskz57gXl9pWOT6eg3zmcEui6CZXddbN7zd41bwmvag4JGwQ==}
    peerDependencies:
      vite: ^5.2.0 || ^6 || ^7 || ^8

  '@tybys/wasm-util@0.10.2':
    resolution: {integrity: sha512-RoBvJ2X0wuKlWFIjrwffGw1IqZHKQqzIchKaadZZfnNpsAYp2mM0h36JtPCjNDAHGgYez/15uMBpfGwchhiMgg==}

  '@types/cookie@0.6.0':
    resolution: {integrity: sha512-4Kh9a6B2bQciAhf7FSuMRRkUWecJgJu9nPnx3yzpsfXX/c50REIqpHY4C82bXP90qrLtXtkDxTZosYO3UpOwlA==}

  '@types/estree@1.0.9':
    resolution: {integrity: sha512-GhdPgy1el4/ImP05X05Uw4cw2/M93BCUmnEvWZNStlCzEKME4Fkk+YpoA5OiHNQmoS7Cafb8Xa3Pya8m1Qrzeg==}

  '@types/trusted-types@2.0.7':
    resolution: {integrity: sha512-ScaPdn1dQczgbl0QFTeTOmVHFULt394XJgOQNoyVhZ6r2vLnMLJfBPd53SB52T/3G36VI1/g2MZaX0cwDuXsfw==}

  '@types/web-bluetooth@0.0.21':
    resolution: {integrity: sha512-oIQLCGWtcFZy2JW77j9k8nHzAOpqMHLQejDA48XXMWH6tjCQHz5RCFz1bzsmROyL6PUm+LLnUiI4BCn221inxA==}

  acorn@8.17.0:
    resolution: {integrity: sha512-xRQbDb9BnwDafYNn6Vwl839DYVjqXYb1XVGtWAZ1kcDc6iwAL4hg3B1dZlRiuENFeO2H53gFG3in621AdERVAg==}
    engines: {node: '>=0.4.0'}
    hasBin: true

  aria-query@5.3.1:
    resolution: {integrity: sha512-Z/ZeOgVl7bcSYZ/u/rh0fOpvEpq//LZmdbkXyc7syVzjPAhfOa9ebsdTSjEBDU4vs5nC98Kfduj1uFo0qyET3g==}
    engines: {node: '>= 0.4'}

  axobject-query@4.1.0:
    resolution: {integrity: sha512-qIj0G9wZbMGNLjLmg1PT6v2mE9AH2zlnADJD/2tC6E00hgmhUOfEB6greHPAfLRSufHqROIUTkw6E+M3lH0PTQ==}
    engines: {node: '>= 0.4'}

  bits-ui@2.18.1:
    resolution: {integrity: sha512-KkemzKFH4T3gt3H+P86JcnAWExjByv/6vlwjm/BoCwTPHu03yiCdxbghdJLvFReQTe0acCAiRcKfmixxD6XvlA==}
    engines: {node: '>=20'}
    peerDependencies:
      '@internationalized/date': ^3.8.1
      svelte: ^5.33.0

  chokidar@4.0.3:
    resolution: {integrity: sha512-Qgzu8kfBvo+cA4962jnP1KkS6Dop5NS6g7R5LFYJr4b8Ub94PPQXUksCw9PvXoeXPRRddRNC5C1JQUR2SMGtnA==}
    engines: {node: '>= 14.16.0'}

  clsx@2.1.1:
    resolution: {integrity: sha512-eYm0QWBtUrBWZWG0d386OGAw16Z995PiOVo2B7bjWSbHedGl5e0ZWaq65kOGgUSNesEIDkB9ISbTg/JK9dhCZA==}
    engines: {node: '>=6'}

  commander@14.0.3:
    resolution: {integrity: sha512-H+y0Jo/T1RZ9qPP4Eh1pkcQcLRglraJaSLoyOtHxu6AapkjWVCy2Sit1QQ4x3Dng8qDlSsZEet7g5Pq06MvTgw==}
    engines: {node: '>=20'}

  cookie@0.6.0:
    resolution: {integrity: sha512-U71cyTamuh1CRNCfpGY6to28lxvNwPG4Guz/EVjgf3Jmzv0vlDp1atT9eS5dDjMYHucpHbWns6Lwf3BKz6svdw==}
    engines: {node: '>= 0.6'}

  deepmerge@4.3.1:
    resolution: {integrity: sha512-3sUqbMEc77XqpdNO7FRyRog+eW3ph+GYCbj+rK+uYyRMuwsVy0rMiVtPn+QJlKFvWP/1PYpapqYn0Me2knFn+A==}
    engines: {node: '>=0.10.0'}

  dequal@2.0.3:
    resolution: {integrity: sha512-0je+qPKHEMohvfRTCEo3CrPG6cAzAYgmzKyxRiYSSDkS6eGJdyVJm7WaYA5ECaAD9wLB2T4EEeymA5aFVcYXCA==}
    engines: {node: '>=6'}

  detect-libc@2.1.2:
    resolution: {integrity: sha512-Btj2BOOO83o3WyH59e8MgXsxEQVcarkUOpEYrubB0urwnN10yQ364rsiByU11nZlqWYZm05i/of7io4mzihBtQ==}
    engines: {node: '>=8'}

  devalue@5.8.1:
    resolution: {integrity: sha512-4CXDYRBGqN+57wVJkuXBYmpAVUSg3L6JAQa/DFqm238G73E1wuyc/JhGQJzN7vUf/CMphYau2zXbfWzDR5aTEw==}

  enhanced-resolve@5.21.6:
    resolution: {integrity: sha512-aNnGCvbJ/RIyWo1IuhNdVjnNF+EjH9wpzpNHt+ci/m9He9LJvUN8wrCcXjp9cWsGNAuvSpVFTx/vraAFQ8qGjQ==}
    engines: {node: '>=10.13.0'}

  esm-env@1.2.2:
    resolution: {integrity: sha512-Epxrv+Nr/CaL4ZcFGPJIYLWFom+YeV1DqMLHJoEd9SYRxNbaFruBwfEX/kkHUJf55j2+TUbmDcmuilbP1TmXHA==}

  esrap@2.2.11:
    resolution: {integrity: sha512-gPdx+I+BjYEinNMQaBXFjbaJVyoPMU4ZODg5mE+M4DqVG9VusAVHHjcBX+zqyITlI0DIARwDMMzZwAWj36dRoQ==}
    peerDependencies:
      '@typescript-eslint/types': ^8.2.0
    peerDependenciesMeta:
      '@typescript-eslint/types':
        optional: true

  fdir@6.5.0:
    resolution: {integrity: sha512-tIbYtZbucOs0BRGqPJkshJUYdL+SDH7dVM8gjy+ERp3WAUjLEFJE+02kanyHtwjWOnwrKYBiwAmM0p4kLJAnXg==}
    engines: {node: '>=12.0.0'}
    peerDependencies:
      picomatch: ^3 || ^4
    peerDependenciesMeta:
      picomatch:
        optional: true

  fsevents@2.3.3:
    resolution: {integrity: sha512-5xoDfX+fL7faATnagmWPpbFtwh/R77WmMMqqHGS65C3vvB0YHrgF+B1YmZ3441tMj5n63k0212XNoJwzlhffQw==}
    engines: {node: ^8.16.0 || ^10.6.0 || >=11.0.0}
    os: [darwin]

  graceful-fs@4.2.11:
    resolution: {integrity: sha512-RbJ5/jmFcNNCcDV5o9eTnBLJ/HszWV0P73bc+Ff4nS/rJj+YaS6IGyiOL0VoBYX+l1Wrl3k63h/KrH+nhJ0XvQ==}

  inline-style-parser@0.2.7:
    resolution: {integrity: sha512-Nb2ctOyNR8DqQoR0OwRG95uNWIC0C1lCgf5Naz5H6Ji72KZ8OcFZLz2P5sNgwlyoJ8Yif11oMuYs5pBQa86csA==}

  is-reference@3.0.3:
    resolution: {integrity: sha512-ixkJoqQvAP88E6wLydLGGqCJsrFUnqoH6HnaczB8XmDH1oaWU+xxdptvikTgaEhtZ53Ky6YXiBuUI2WXLMCwjw==}

  jiti@2.7.0:
    resolution: {integrity: sha512-AC/7JofJvZGrrneWNaEnJeOLUx+JlGt7tNa0wZiRPT4MY1wmfKjt2+6O2p2uz2+skll8OZZmJMNqeke7kKbNgQ==}
    hasBin: true

  kleur@4.1.5:
    resolution: {integrity: sha512-o+NO+8WrRiQEE4/7nwRJhN1HWpVmJm511pBHUxPLtp0BUISzlBplORYSmTclCnJvQq2tKu/sgl3xVpkc7ZWuQQ==}
    engines: {node: '>=6'}

  lightningcss-android-arm64@1.32.0:
    resolution: {integrity: sha512-YK7/ClTt4kAK0vo6w3X+Pnm0D2cf2vPHbhOXdoNti1Ga0al1P4TBZhwjATvjNwLEBCnKvjJc2jQgHXH0NEwlAg==}
    engines: {node: '>= 12.0.0'}
    cpu: [arm64]
    os: [android]

  lightningcss-darwin-arm64@1.32.0:
    resolution: {integrity: sha512-RzeG9Ju5bag2Bv1/lwlVJvBE3q6TtXskdZLLCyfg5pt+HLz9BqlICO7LZM7VHNTTn/5PRhHFBSjk5lc4cmscPQ==}
    engines: {node: '>= 12.0.0'}
    cpu: [arm64]
    os: [darwin]

  lightningcss-darwin-x64@1.32.0:
    resolution: {integrity: sha512-U+QsBp2m/s2wqpUYT/6wnlagdZbtZdndSmut/NJqlCcMLTWp5muCrID+K5UJ6jqD2BFshejCYXniPDbNh73V8w==}
    engines: {node: '>= 12.0.0'}
    cpu: [x64]
    os: [darwin]

  lightningcss-freebsd-x64@1.32.0:
    resolution: {integrity: sha512-JCTigedEksZk3tHTTthnMdVfGf61Fky8Ji2E4YjUTEQX14xiy/lTzXnu1vwiZe3bYe0q+SpsSH/CTeDXK6WHig==}
    engines: {node: '>= 12.0.0'}
    cpu: [x64]
    os: [freebsd]

  lightningcss-linux-arm-gnueabihf@1.32.0:
    resolution: {integrity: sha512-x6rnnpRa2GL0zQOkt6rts3YDPzduLpWvwAF6EMhXFVZXD4tPrBkEFqzGowzCsIWsPjqSK+tyNEODUBXeeVHSkw==}
    engines: {node: '>= 12.0.0'}
    cpu: [arm]
    os: [linux]

  lightningcss-linux-arm64-gnu@1.32.0:
    resolution: {integrity: sha512-0nnMyoyOLRJXfbMOilaSRcLH3Jw5z9HDNGfT/gwCPgaDjnx0i8w7vBzFLFR1f6CMLKF8gVbebmkUN3fa/kQJpQ==}
    engines: {node: '>= 12.0.0'}
    cpu: [arm64]
    os: [linux]

  lightningcss-linux-arm64-musl@1.32.0:
    resolution: {integrity: sha512-UpQkoenr4UJEzgVIYpI80lDFvRmPVg6oqboNHfoH4CQIfNA+HOrZ7Mo7KZP02dC6LjghPQJeBsvXhJod/wnIBg==}
    engines: {node: '>= 12.0.0'}
    cpu: [arm64]
    os: [linux]

  lightningcss-linux-x64-gnu@1.32.0:
    resolution: {integrity: sha512-V7Qr52IhZmdKPVr+Vtw8o+WLsQJYCTd8loIfpDaMRWGUZfBOYEJeyJIkqGIDMZPwPx24pUMfwSxxI8phr/MbOA==}
    engines: {node: '>= 12.0.0'}
    cpu: [x64]
    os: [linux]

  lightningcss-linux-x64-musl@1.32.0:
    resolution: {integrity: sha512-bYcLp+Vb0awsiXg/80uCRezCYHNg1/l3mt0gzHnWV9XP1W5sKa5/TCdGWaR/zBM2PeF/HbsQv/j2URNOiVuxWg==}
    engines: {node: '>= 12.0.0'}
    cpu: [x64]
    os: [linux]

  lightningcss-win32-arm64-msvc@1.32.0:
    resolution: {integrity: sha512-8SbC8BR40pS6baCM8sbtYDSwEVQd4JlFTOlaD3gWGHfThTcABnNDBda6eTZeqbofalIJhFx0qKzgHJmcPTnGdw==}
    engines: {node: '>= 12.0.0'}
    cpu: [arm64]
    os: [win32]

  lightningcss-win32-x64-msvc@1.32.0:
    resolution: {integrity: sha512-Amq9B/SoZYdDi1kFrojnoqPLxYhQ4Wo5XiL8EVJrVsB8ARoC1PWW6VGtT0WKCemjy8aC+louJnjS7U18x3b06Q==}
    engines: {node: '>= 12.0.0'}
    cpu: [x64]
    os: [win32]

  lightningcss@1.32.0:
    resolution: {integrity: sha512-NXYBzinNrblfraPGyrbPoD19C1h9lfI/1mzgWYvXUTe414Gz/X1FD2XBZSZM7rRTrMA8JL3OtAaGifrIKhQ5yQ==}
    engines: {node: '>= 12.0.0'}

  locate-character@3.0.0:
    resolution: {integrity: sha512-SW13ws7BjaeJ6p7Q6CO2nchbYEc3X3J6WrmTTDto7yMPqVSZTUyY5Tjbid+Ab8gLnATtygYtiDIJGQRRn2ZOiA==}

  lz-string@1.5.0:
    resolution: {integrity: sha512-h5bgJWpxJNswbU7qCrV0tIKQCaS3blPDrqKWx+QxzuzL1zGUzij9XCWLrSLsJPu5t+eWA/ycetzYAO5IOMcWAQ==}
    hasBin: true

  magic-string@0.30.21:
    resolution: {integrity: sha512-vd2F4YUyEXKGcLHoq+TEyCjxueSeHnFxyyjNp80yg0XV4vUhnDer/lvvlqM/arB5bXQN5K2/3oinyCRyx8T2CQ==}

  mri@1.2.0:
    resolution: {integrity: sha512-tzzskb3bG8LvYGFF/mDTpq3jpI6Q9wc3LEmBaghu+DdCssd1FakN7Bc0hVNmEyGq1bq3RgfkCb3cmQLpNPOroA==}
    engines: {node: '>=4'}

  mrmime@2.0.1:
    resolution: {integrity: sha512-Y3wQdFg2Va6etvQ5I82yUhGdsKrcYox6p7FfL1LbK2J4V01F9TGlepTIhnK24t7koZibmg82KGglhA1XK5IsLQ==}
    engines: {node: '>=10'}

  nanoid@3.3.12:
    resolution: {integrity: sha512-ZB9RH/39qpq5Vu6Y+NmUaFhQR6pp+M2Xt76XBnEwDaGcVAqhlvxrl3B2bKS5D3NH3QR76v3aSrKaF/Kiy7lEtQ==}
    engines: {node: ^10 || ^12 || ^13.7 || ^14 || >=15.0.1}
    hasBin: true

  node-fetch-native@1.6.7:
    resolution: {integrity: sha512-g9yhqoedzIUm0nTnTqAQvueMPVOuIY16bqgAJJC8XOOubYFNwz6IER9qs0Gq2Xd0+CecCKFjtdDTMA4u4xG06Q==}

  obug@2.1.3:
    resolution: {integrity: sha512-9miFgM2OFba7hB+pRgvtV84pYTBaoTHohvmIgiRt6dRIzbwEOIaNaP+dIlGs2fNFoB0SeISs0Jz5WFVRid6Xyg==}
    engines: {node: '>=12.20.0'}

  picocolors@1.1.1:
    resolution: {integrity: sha512-xceH2snhtb5M9liqDsmEw56le376mTZkEX/jEb/RxNFyegNul7eNslCXP9FDj/Lcu0X8KEyMceP2ntpaHrDEVA==}

  picomatch@4.0.4:
    resolution: {integrity: sha512-QP88BAKvMam/3NxH6vj2o21R6MjxZUAd6nlwAS/pnGvN9IVLocLHxGYIzFhg6fUQ+5th6P4dv4eW9jX3DSIj7A==}
    engines: {node: '>=12'}

  postcss@8.5.15:
    resolution: {integrity: sha512-FfR8sjd4em2T6fb3I2MwAJU7HWVMr9zba+enmQeeWFfCbm+UOC/0X4DS8XtpUTMwWMGbjKYP7xjfNekzyGmB3A==}
    engines: {node: ^10 || ^12 || >=14}

  readdirp@4.1.2:
    resolution: {integrity: sha512-GDhwkLfywWL2s6vEjyhri+eXmfH6j1L7JE27WhqLeYzoh/A3DBaYGEj2H/HFZCn/kMfim73FXxEJTw06WtxQwg==}
    engines: {node: '>= 14.18.0'}

  rolldown@1.0.3:
    resolution: {integrity: sha512-i00lAJ2ks1BYr7rjNjKC7BcqAS7nVfiT3QX1SI5aY+AFHblCmaUf9OE9dbdzDvW6dJxbi2ZCZiy9v3CcwOiX3g==}
    engines: {node: ^20.19.0 || >=22.12.0}
    hasBin: true

  runed@0.35.1:
    resolution: {integrity: sha512-2F4Q/FZzbeJTFdIS/PuOoPRSm92sA2LhzTnv6FXhCoENb3huf5+fDuNOg1LNvGOouy3u/225qxmuJvcV3IZK5Q==}
    peerDependencies:
      '@sveltejs/kit': ^2.21.0
      svelte: ^5.7.0
    peerDependenciesMeta:
      '@sveltejs/kit':
        optional: true

  sade@1.8.1:
    resolution: {integrity: sha512-xal3CZX1Xlo/k4ApwCFrHVACi9fBqJ7V+mwhBsuf/1IOKbBy098Fex+Wa/5QMubw09pSZ/u8EY8PWgevJsXp1A==}
    engines: {node: '>=6'}

  set-cookie-parser@3.1.0:
    resolution: {integrity: sha512-kjnC1DXBHcxaOaOXBHBeRtltsDG2nUiUni+jP92M9gYdW12rsmx92UsfpH7o5tDRs7I1ZZPSQJQGv3UaRfCiuw==}

  shadcn-svelte@1.3.0:
    resolution: {integrity: sha512-Pd4ICWTkTks/b2YU4c9vF2XsX1x5HFPRl5bKszS1LcnWS83x+7T4WiIvbWz8Qh9knkcGZ+SCz1+Dmhdq+AYooA==}
    hasBin: true
    peerDependencies:
      svelte: ^5.0.0

  sirv@3.0.2:
    resolution: {integrity: sha512-2wcC/oGxHis/BoHkkPwldgiPSYcpZK3JU28WoMVv55yHJgcZ8rlXvuG9iZggz+sU1d4bRgIGASwyWqjxu3FM0g==}
    engines: {node: '>=18'}

  source-map-js@1.2.1:
    resolution: {integrity: sha512-UXWMKhLOwVKb728IUtQPXxfYU+usdybtUrK/8uGE8CQMvrhOpwvzDBwj0QhSL7MQc7vIsISBG8VQ8+IDQxpfQA==}
    engines: {node: '>=0.10.0'}

  style-to-object@1.0.14:
    resolution: {integrity: sha512-LIN7rULI0jBscWQYaSswptyderlarFkjQ+t79nzty8tcIAceVomEVlLzH5VP4Cmsv6MtKhs7qaAiwlcp+Mgaxw==}

  svelte-check@4.6.0:
    resolution: {integrity: sha512-KhVnDFDSid57mmZtHz8gfW8AAGylOZ0vPnOIzVmAL+urzwK8sBYXRss953gD8T0OdgAQ11mdWhE6uadmtOz8TQ==}
    engines: {node: '>= 18.0.0'}
    hasBin: true
    peerDependencies:
      svelte: ^4.0.0 || ^5.0.0-next.0
      typescript: '>=5.0.0'

  svelte-toolbelt@0.10.6:
    resolution: {integrity: sha512-YWuX+RE+CnWYx09yseAe4ZVMM7e7GRFZM6OYWpBKOb++s+SQ8RBIMMe+Bs/CznBMc0QPLjr+vDBxTAkozXsFXQ==}
    engines: {node: '>=18', pnpm: '>=8.7.0'}
    peerDependencies:
      svelte: ^5.30.2

  svelte@5.56.3:
    resolution: {integrity: sha512-w7JvrM5IFl5cmfbY0TLik9o7mjRUJmRMhOR51tBPu708Gr/MjbGs7VnJnr/B0CaXeI4vtnOh7RKxDr0cwhMdDA==}
    engines: {node: '>=18'}

  tabbable@6.4.0:
    resolution: {integrity: sha512-05PUHKSNE8ou2dwIxTngl4EzcnsCDZGJ/iCLtDflR/SHB/ny14rXc+qU5P4mG9JkusiV7EivzY9Mhm55AzAvCg==}

  tailwind-merge@3.6.0:
    resolution: {integrity: sha512-uxL7qAVQriqRQPAyK3pj66VqskWqoZ37PW94jwOTwNfq/z9oyu1V+eqrZqtR2+fCiXdYOZe/Modt8GtvqNzu+w==}

  tailwind-variants@3.2.2:
    resolution: {integrity: sha512-Mi4kHeMTLvKlM98XPnK+7HoBPmf4gygdFmqQPaDivc3DpYS6aIY6KiG/PgThrGvii5YZJqRsPz0aPyhoFzmZgg==}
    engines: {node: '>=16.x', pnpm: '>=7.x'}
    peerDependencies:
      tailwind-merge: '>=3.0.0'
      tailwindcss: '*'
    peerDependenciesMeta:
      tailwind-merge:
        optional: true

  tailwindcss@4.3.1:
    resolution: {integrity: sha512-hk+TB1m+K8CYNrP6rjQaq/Y+4Zylwpa87mLYBKCunwnnQ9p+fHb7kmSfGqyEJoxF/O6CDyABWVFEafNSYKll+Q==}

  tapable@2.3.3:
    resolution: {integrity: sha512-uxc/zpqFg6x7C8vOE7lh6Lbda8eEL9zmVm/PLeTPBRhh1xCgdWaQ+J1CUieGpIfm2HdtsUpRv+HshiasBMcc6A==}
    engines: {node: '>=6'}

  tinyglobby@0.2.17:
    resolution: {integrity: sha512-wXR/dYpcqKmfWpEdZjiKJOwCNFndD0DMnrW/cYjVGttEkBfVgcLFHoNrlj47mjOVic9yyNu65alsgF4NQyTa2g==}
    engines: {node: '>=12.0.0'}

  totalist@3.0.1:
    resolution: {integrity: sha512-sf4i37nQ2LBx4m3wB74y+ubopq6W/dIzXg0FDGjsYnZHVa1Da8FH853wlL2gtUhg+xJXjfk3kUZS3BRoQeoQBQ==}
    engines: {node: '>=6'}

  tslib@2.8.1:
    resolution: {integrity: sha512-oJFu94HQb+KVduSUQL7wnpmqnfmLsOA/nAh6b6EH0wCEoK0/mPeXU6c3wKDV83MkOuHPRHtSXKKU99IBazS/2w==}

  tw-animate-css@1.4.0:
    resolution: {integrity: sha512-7bziOlRqH0hJx80h/3mbicLW7o8qLsH5+RaLR2t+OHM3D0JlWGODQKQ4cxbK7WlvmUxpcj6Kgu6EKqjrGFe3QQ==}

  typescript@6.0.3:
    resolution: {integrity: sha512-y2TvuxSZPDyQakkFRPZHKFm+KKVqIisdg9/CZwm9ftvKXLP8NRWj38/ODjNbr43SsoXqNuAisEf1GdCxqWcdBw==}
    engines: {node: '>=14.17'}
    hasBin: true

  vite@8.0.16:
    resolution: {integrity: sha512-h9bXPmJichP5fLmVQo3PyaGSDE2n3aPuomeAlVRm0JLmt4rY6zmPKd59HYI4LNW8oTK7tlTsuC7l/m7awx9Jcw==}
    engines: {node: ^20.19.0 || >=22.12.0}
    hasBin: true
    peerDependencies:
      '@types/node': ^20.19.0 || >=22.12.0
      '@vitejs/devtools': ^0.1.18
      esbuild: ^0.27.0 || ^0.28.0
      jiti: '>=1.21.0'
      less: ^4.0.0
      sass: ^1.70.0
      sass-embedded: ^1.70.0
      stylus: '>=0.54.8'
      sugarss: ^5.0.0
      terser: ^5.16.0
      tsx: ^4.8.1
      yaml: ^2.4.2
    peerDependenciesMeta:
      '@types/node':
        optional: true
      '@vitejs/devtools':
        optional: true
      esbuild:
        optional: true
      jiti:
        optional: true
      less:
        optional: true
      sass:
        optional: true
      sass-embedded:
        optional: true
      stylus:
        optional: true
      sugarss:
        optional: true
      terser:
        optional: true
      tsx:
        optional: true
      yaml:
        optional: true

  vitefu@1.1.3:
    resolution: {integrity: sha512-ub4okH7Z5KLjb6hDyjqrGXqWtWvoYdU3IGm/NorpgHncKoLTCfRIbvlhBm7r0YstIaQRYlp4yEbFqDcKSzXSSg==}
    peerDependencies:
      vite: ^3.0.0 || ^4.0.0 || ^5.0.0 || ^6.0.0 || ^7.0.0 || ^8.0.0
    peerDependenciesMeta:
      vite:
        optional: true

  zimmerframe@1.1.4:
    resolution: {integrity: sha512-B58NGBEoc8Y9MWWCQGl/gq9xBCe4IiKM0a2x7GZdQKOW5Exr8S1W24J6OgM1njK8xCRGvAJIL/MxXHf6SkmQKQ==}

snapshots:

  '@emnapi/core@1.10.0':
    dependencies:
      '@emnapi/wasi-threads': 1.2.1
      tslib: 2.8.1
    optional: true

  '@emnapi/runtime@1.10.0':
    dependencies:
      tslib: 2.8.1
    optional: true

  '@emnapi/wasi-threads@1.2.1':
    dependencies:
      tslib: 2.8.1
    optional: true

  '@floating-ui/core@1.7.5':
    dependencies:
      '@floating-ui/utils': 0.2.11

  '@floating-ui/dom@1.7.6':
    dependencies:
      '@floating-ui/core': 1.7.5
      '@floating-ui/utils': 0.2.11

  '@floating-ui/utils@0.2.11': {}

  '@fontsource-variable/inter@5.2.8': {}

  '@internationalized/date@3.12.2':
    dependencies:
      '@swc/helpers': 0.5.23

  '@jridgewell/gen-mapping@0.3.13':
    dependencies:
      '@jridgewell/sourcemap-codec': 1.5.5
      '@jridgewell/trace-mapping': 0.3.31

  '@jridgewell/remapping@2.3.5':
    dependencies:
      '@jridgewell/gen-mapping': 0.3.13
      '@jridgewell/trace-mapping': 0.3.31

  '@jridgewell/resolve-uri@3.1.2': {}

  '@jridgewell/sourcemap-codec@1.5.5': {}

  '@jridgewell/trace-mapping@0.3.31':
    dependencies:
      '@jridgewell/resolve-uri': 3.1.2
      '@jridgewell/sourcemap-codec': 1.5.5

  '@lucide/svelte@1.21.0(svelte@5.56.3)':
    dependencies:
      svelte: 5.56.3

  '@napi-rs/wasm-runtime@1.1.5(@emnapi/core@1.10.0)(@emnapi/runtime@1.10.0)':
    dependencies:
      '@emnapi/core': 1.10.0
      '@emnapi/runtime': 1.10.0
      '@tybys/wasm-util': 0.10.2
    optional: true

  '@oxc-project/types@0.133.0': {}

  '@polka/url@1.0.0-next.29': {}

  '@rolldown/binding-android-arm64@1.0.3':
    optional: true

  '@rolldown/binding-darwin-arm64@1.0.3':
    optional: true

  '@rolldown/binding-darwin-x64@1.0.3':
    optional: true

  '@rolldown/binding-freebsd-x64@1.0.3':
    optional: true

  '@rolldown/binding-linux-arm-gnueabihf@1.0.3':
    optional: true

  '@rolldown/binding-linux-arm64-gnu@1.0.3':
    optional: true

  '@rolldown/binding-linux-arm64-musl@1.0.3':
    optional: true

  '@rolldown/binding-linux-ppc64-gnu@1.0.3':
    optional: true

  '@rolldown/binding-linux-s390x-gnu@1.0.3':
    optional: true

  '@rolldown/binding-linux-x64-gnu@1.0.3':
    optional: true

  '@rolldown/binding-linux-x64-musl@1.0.3':
    optional: true

  '@rolldown/binding-openharmony-arm64@1.0.3':
    optional: true

  '@rolldown/binding-wasm32-wasi@1.0.3':
    dependencies:
      '@emnapi/core': 1.10.0
      '@emnapi/runtime': 1.10.0
      '@napi-rs/wasm-runtime': 1.1.5(@emnapi/core@1.10.0)(@emnapi/runtime@1.10.0)
    optional: true

  '@rolldown/binding-win32-arm64-msvc@1.0.3':
    optional: true

  '@rolldown/binding-win32-x64-msvc@1.0.3':
    optional: true

  '@rolldown/pluginutils@1.0.1': {}

  '@standard-schema/spec@1.1.0': {}

  '@sveltejs/acorn-typescript@1.0.10(acorn@8.17.0)':
    dependencies:
      acorn: 8.17.0

  '@sveltejs/adapter-static@3.0.10(@sveltejs/kit@2.65.1(@sveltejs/vite-plugin-svelte@7.1.2(svelte@5.56.3)(vite@8.0.16(jiti@2.7.0)))(svelte@5.56.3)(typescript@6.0.3)(vite@8.0.16(jiti@2.7.0)))':
    dependencies:
      '@sveltejs/kit': 2.65.1(@sveltejs/vite-plugin-svelte@7.1.2(svelte@5.56.3)(vite@8.0.16(jiti@2.7.0)))(svelte@5.56.3)(typescript@6.0.3)(vite@8.0.16(jiti@2.7.0))

  '@sveltejs/kit@2.65.1(@sveltejs/vite-plugin-svelte@7.1.2(svelte@5.56.3)(vite@8.0.16(jiti@2.7.0)))(svelte@5.56.3)(typescript@6.0.3)(vite@8.0.16(jiti@2.7.0))':
    dependencies:
      '@standard-schema/spec': 1.1.0
      '@sveltejs/acorn-typescript': 1.0.10(acorn@8.17.0)
      '@sveltejs/vite-plugin-svelte': 7.1.2(svelte@5.56.3)(vite@8.0.16(jiti@2.7.0))
      '@types/cookie': 0.6.0
      acorn: 8.17.0
      cookie: 0.6.0
      devalue: 5.8.1
      esm-env: 1.2.2
      kleur: 4.1.5
      magic-string: 0.30.21
      mrmime: 2.0.1
      set-cookie-parser: 3.1.0
      sirv: 3.0.2
      svelte: 5.56.3
      vite: 8.0.16(jiti@2.7.0)
    optionalDependencies:
      typescript: 6.0.3

  '@sveltejs/load-config@0.1.1': {}

  '@sveltejs/vite-plugin-svelte@7.1.2(svelte@5.56.3)(vite@8.0.16(jiti@2.7.0))':
    dependencies:
      deepmerge: 4.3.1
      magic-string: 0.30.21
      obug: 2.1.3
      svelte: 5.56.3
      vite: 8.0.16(jiti@2.7.0)
      vitefu: 1.1.3(vite@8.0.16(jiti@2.7.0))

  '@swc/helpers@0.5.23':
    dependencies:
      tslib: 2.8.1

  '@tailwindcss/node@4.3.1':
    dependencies:
      '@jridgewell/remapping': 2.3.5
      enhanced-resolve: 5.21.6
      jiti: 2.7.0
      lightningcss: 1.32.0
      magic-string: 0.30.21
      source-map-js: 1.2.1
      tailwindcss: 4.3.1

  '@tailwindcss/oxide-android-arm64@4.3.1':
    optional: true

  '@tailwindcss/oxide-darwin-arm64@4.3.1':
    optional: true

  '@tailwindcss/oxide-darwin-x64@4.3.1':
    optional: true

  '@tailwindcss/oxide-freebsd-x64@4.3.1':
    optional: true

  '@tailwindcss/oxide-linux-arm-gnueabihf@4.3.1':
    optional: true

  '@tailwindcss/oxide-linux-arm64-gnu@4.3.1':
    optional: true

  '@tailwindcss/oxide-linux-arm64-musl@4.3.1':
    optional: true

  '@tailwindcss/oxide-linux-x64-gnu@4.3.1':
    optional: true

  '@tailwindcss/oxide-linux-x64-musl@4.3.1':
    optional: true

  '@tailwindcss/oxide-wasm32-wasi@4.3.1':
    optional: true

  '@tailwindcss/oxide-win32-arm64-msvc@4.3.1':
    optional: true

  '@tailwindcss/oxide-win32-x64-msvc@4.3.1':
    optional: true

  '@tailwindcss/oxide@4.3.1':
    optionalDependencies:
      '@tailwindcss/oxide-android-arm64': 4.3.1
      '@tailwindcss/oxide-darwin-arm64': 4.3.1
      '@tailwindcss/oxide-darwin-x64': 4.3.1
      '@tailwindcss/oxide-freebsd-x64': 4.3.1
      '@tailwindcss/oxide-linux-arm-gnueabihf': 4.3.1
      '@tailwindcss/oxide-linux-arm64-gnu': 4.3.1
      '@tailwindcss/oxide-linux-arm64-musl': 4.3.1
      '@tailwindcss/oxide-linux-x64-gnu': 4.3.1
      '@tailwindcss/oxide-linux-x64-musl': 4.3.1
      '@tailwindcss/oxide-wasm32-wasi': 4.3.1
      '@tailwindcss/oxide-win32-arm64-msvc': 4.3.1
      '@tailwindcss/oxide-win32-x64-msvc': 4.3.1

  '@tailwindcss/vite@4.3.1(vite@8.0.16(jiti@2.7.0))':
    dependencies:
      '@tailwindcss/node': 4.3.1
      '@tailwindcss/oxide': 4.3.1
      tailwindcss: 4.3.1
      vite: 8.0.16(jiti@2.7.0)

  '@tybys/wasm-util@0.10.2':
    dependencies:
      tslib: 2.8.1
    optional: true

  '@types/cookie@0.6.0': {}

  '@types/estree@1.0.9': {}

  '@types/trusted-types@2.0.7': {}

  '@types/web-bluetooth@0.0.21': {}

  acorn@8.17.0: {}

  aria-query@5.3.1: {}

  axobject-query@4.1.0: {}

  bits-ui@2.18.1(@internationalized/date@3.12.2)(@sveltejs/kit@2.65.1(@sveltejs/vite-plugin-svelte@7.1.2(svelte@5.56.3)(vite@8.0.16(jiti@2.7.0)))(svelte@5.56.3)(typescript@6.0.3)(vite@8.0.16(jiti@2.7.0)))(svelte@5.56.3):
    dependencies:
      '@floating-ui/core': 1.7.5
      '@floating-ui/dom': 1.7.6
      '@internationalized/date': 3.12.2
      esm-env: 1.2.2
      runed: 0.35.1(@sveltejs/kit@2.65.1(@sveltejs/vite-plugin-svelte@7.1.2(svelte@5.56.3)(vite@8.0.16(jiti@2.7.0)))(svelte@5.56.3)(typescript@6.0.3)(vite@8.0.16(jiti@2.7.0)))(svelte@5.56.3)
      svelte: 5.56.3
      svelte-toolbelt: 0.10.6(@sveltejs/kit@2.65.1(@sveltejs/vite-plugin-svelte@7.1.2(svelte@5.56.3)(vite@8.0.16(jiti@2.7.0)))(svelte@5.56.3)(typescript@6.0.3)(vite@8.0.16(jiti@2.7.0)))(svelte@5.56.3)
      tabbable: 6.4.0
    transitivePeerDependencies:
      - '@sveltejs/kit'

  chokidar@4.0.3:
    dependencies:
      readdirp: 4.1.2

  clsx@2.1.1: {}

  commander@14.0.3: {}

  cookie@0.6.0: {}

  deepmerge@4.3.1: {}

  dequal@2.0.3: {}

  detect-libc@2.1.2: {}

  devalue@5.8.1: {}

  enhanced-resolve@5.21.6:
    dependencies:
      graceful-fs: 4.2.11
      tapable: 2.3.3

  esm-env@1.2.2: {}

  esrap@2.2.11:
    dependencies:
      '@jridgewell/sourcemap-codec': 1.5.5

  fdir@6.5.0(picomatch@4.0.4):
    optionalDependencies:
      picomatch: 4.0.4

  fsevents@2.3.3:
    optional: true

  graceful-fs@4.2.11: {}

  inline-style-parser@0.2.7: {}

  is-reference@3.0.3:
    dependencies:
      '@types/estree': 1.0.9

  jiti@2.7.0: {}

  kleur@4.1.5: {}

  lightningcss-android-arm64@1.32.0:
    optional: true

  lightningcss-darwin-arm64@1.32.0:
    optional: true

  lightningcss-darwin-x64@1.32.0:
    optional: true

  lightningcss-freebsd-x64@1.32.0:
    optional: true

  lightningcss-linux-arm-gnueabihf@1.32.0:
    optional: true

  lightningcss-linux-arm64-gnu@1.32.0:
    optional: true

  lightningcss-linux-arm64-musl@1.32.0:
    optional: true

  lightningcss-linux-x64-gnu@1.32.0:
    optional: true

  lightningcss-linux-x64-musl@1.32.0:
    optional: true

  lightningcss-win32-arm64-msvc@1.32.0:
    optional: true

  lightningcss-win32-x64-msvc@1.32.0:
    optional: true

  lightningcss@1.32.0:
    dependencies:
      detect-libc: 2.1.2
    optionalDependencies:
      lightningcss-android-arm64: 1.32.0
      lightningcss-darwin-arm64: 1.32.0
      lightningcss-darwin-x64: 1.32.0
      lightningcss-freebsd-x64: 1.32.0
      lightningcss-linux-arm-gnueabihf: 1.32.0
      lightningcss-linux-arm64-gnu: 1.32.0
      lightningcss-linux-arm64-musl: 1.32.0
      lightningcss-linux-x64-gnu: 1.32.0
      lightningcss-linux-x64-musl: 1.32.0
      lightningcss-win32-arm64-msvc: 1.32.0
      lightningcss-win32-x64-msvc: 1.32.0

  locate-character@3.0.0: {}

  lz-string@1.5.0: {}

  magic-string@0.30.21:
    dependencies:
      '@jridgewell/sourcemap-codec': 1.5.5

  mri@1.2.0: {}

  mrmime@2.0.1: {}

  nanoid@3.3.12: {}

  node-fetch-native@1.6.7: {}

  obug@2.1.3: {}

  picocolors@1.1.1: {}

  picomatch@4.0.4: {}

  postcss@8.5.15:
    dependencies:
      nanoid: 3.3.12
      picocolors: 1.1.1
      source-map-js: 1.2.1

  readdirp@4.1.2: {}

  rolldown@1.0.3:
    dependencies:
      '@oxc-project/types': 0.133.0
      '@rolldown/pluginutils': 1.0.1
    optionalDependencies:
      '@rolldown/binding-android-arm64': 1.0.3
      '@rolldown/binding-darwin-arm64': 1.0.3
      '@rolldown/binding-darwin-x64': 1.0.3
      '@rolldown/binding-freebsd-x64': 1.0.3
      '@rolldown/binding-linux-arm-gnueabihf': 1.0.3
      '@rolldown/binding-linux-arm64-gnu': 1.0.3
      '@rolldown/binding-linux-arm64-musl': 1.0.3
      '@rolldown/binding-linux-ppc64-gnu': 1.0.3
      '@rolldown/binding-linux-s390x-gnu': 1.0.3
      '@rolldown/binding-linux-x64-gnu': 1.0.3
      '@rolldown/binding-linux-x64-musl': 1.0.3
      '@rolldown/binding-openharmony-arm64': 1.0.3
      '@rolldown/binding-wasm32-wasi': 1.0.3
      '@rolldown/binding-win32-arm64-msvc': 1.0.3
      '@rolldown/binding-win32-x64-msvc': 1.0.3

  runed@0.35.1(@sveltejs/kit@2.65.1(@sveltejs/vite-plugin-svelte@7.1.2(svelte@5.56.3)(vite@8.0.16(jiti@2.7.0)))(svelte@5.56.3)(typescript@6.0.3)(vite@8.0.16(jiti@2.7.0)))(svelte@5.56.3):
    dependencies:
      dequal: 2.0.3
      esm-env: 1.2.2
      lz-string: 1.5.0
      svelte: 5.56.3
    optionalDependencies:
      '@sveltejs/kit': 2.65.1(@sveltejs/vite-plugin-svelte@7.1.2(svelte@5.56.3)(vite@8.0.16(jiti@2.7.0)))(svelte@5.56.3)(typescript@6.0.3)(vite@8.0.16(jiti@2.7.0))

  sade@1.8.1:
    dependencies:
      mri: 1.2.0

  set-cookie-parser@3.1.0: {}

  shadcn-svelte@1.3.0(svelte@5.56.3):
    dependencies:
      commander: 14.0.3
      node-fetch-native: 1.6.7
      postcss: 8.5.15
      svelte: 5.56.3
      tailwind-merge: 3.6.0

  sirv@3.0.2:
    dependencies:
      '@polka/url': 1.0.0-next.29
      mrmime: 2.0.1
      totalist: 3.0.1

  source-map-js@1.2.1: {}

  style-to-object@1.0.14:
    dependencies:
      inline-style-parser: 0.2.7

  svelte-check@4.6.0(picomatch@4.0.4)(svelte@5.56.3)(typescript@6.0.3):
    dependencies:
      '@jridgewell/trace-mapping': 0.3.31
      '@sveltejs/load-config': 0.1.1
      chokidar: 4.0.3
      fdir: 6.5.0(picomatch@4.0.4)
      picocolors: 1.1.1
      sade: 1.8.1
      svelte: 5.56.3
      typescript: 6.0.3
    transitivePeerDependencies:
      - picomatch

  svelte-toolbelt@0.10.6(@sveltejs/kit@2.65.1(@sveltejs/vite-plugin-svelte@7.1.2(svelte@5.56.3)(vite@8.0.16(jiti@2.7.0)))(svelte@5.56.3)(typescript@6.0.3)(vite@8.0.16(jiti@2.7.0)))(svelte@5.56.3):
    dependencies:
      clsx: 2.1.1
      runed: 0.35.1(@sveltejs/kit@2.65.1(@sveltejs/vite-plugin-svelte@7.1.2(svelte@5.56.3)(vite@8.0.16(jiti@2.7.0)))(svelte@5.56.3)(typescript@6.0.3)(vite@8.0.16(jiti@2.7.0)))(svelte@5.56.3)
      style-to-object: 1.0.14
      svelte: 5.56.3
    transitivePeerDependencies:
      - '@sveltejs/kit'

  svelte@5.56.3:
    dependencies:
      '@jridgewell/remapping': 2.3.5
      '@jridgewell/sourcemap-codec': 1.5.5
      '@sveltejs/acorn-typescript': 1.0.10(acorn@8.17.0)
      '@types/estree': 1.0.9
      '@types/trusted-types': 2.0.7
      acorn: 8.17.0
      aria-query: 5.3.1
      axobject-query: 4.1.0
      clsx: 2.1.1
      devalue: 5.8.1
      esm-env: 1.2.2
      esrap: 2.2.11
      is-reference: 3.0.3
      locate-character: 3.0.0
      magic-string: 0.30.21
      zimmerframe: 1.1.4
    transitivePeerDependencies:
      - '@typescript-eslint/types'

  tabbable@6.4.0: {}

  tailwind-merge@3.6.0: {}

  tailwind-variants@3.2.2(tailwind-merge@3.6.0)(tailwindcss@4.3.1):
    dependencies:
      tailwindcss: 4.3.1
    optionalDependencies:
      tailwind-merge: 3.6.0

  tailwindcss@4.3.1: {}

  tapable@2.3.3: {}

  tinyglobby@0.2.17:
    dependencies:
      fdir: 6.5.0(picomatch@4.0.4)
      picomatch: 4.0.4

  totalist@3.0.1: {}

  tslib@2.8.1: {}

  tw-animate-css@1.4.0: {}

  typescript@6.0.3: {}

  vite@8.0.16(jiti@2.7.0):
    dependencies:
      lightningcss: 1.32.0
      picomatch: 4.0.4
      postcss: 8.5.15
      rolldown: 1.0.3
      tinyglobby: 0.2.17
    optionalDependencies:
      fsevents: 2.3.3
      jiti: 2.7.0

  vitefu@1.1.3(vite@8.0.16(jiti@2.7.0)):
    optionalDependencies:
      vite: 8.0.16(jiti@2.7.0)

  zimmerframe@1.1.4: {}
